
Microsoft Visual Studio Solution File, Format Version 12.00
# Visual Studio 15
VisualStudioVersion = 15.0.26730.16
MinimumVisualStudioVersion = 10.0.40219.1
Project("{2150E333-8FDC-42A3-9474-1A3956D46DE8}") = "section 5 lecture 42", "section 5 lecture 42", "{81381D59-910A-48B3-ABFD-79F6CB0E929A}"
EndProject
Project("{FAE04EC0-301F-11D3-BF4B-00C04F79EFBC}") = "5_42_1", "5_42_1\5_42_1.csproj", "{6DFF0A16-00E0-4929-A59E-A71DFC07D1C0}"
EndProject
Project("{FAE04EC0-301F-11D3-BF4B-00C04F79EFBC}") = "5_42_2", "5_42_2\5_42_2.csproj", "{80987487-5D78-45DE-A9DB-F24457F47B74}"
EndProject
Project("{FAE04EC0-301F-11D3-BF4B-00C04F79EFBC}") = "5_42_3", "5_42_3\5_42_3.csproj", "{C0C10EBE-7AD4-419B-9753-713982542399}"
EndProject
Project("{FAE04EC0-301F-11D3-BF4B-00C04F79EFBC}") = "5_42_4", "5_42_4\5_42_4.csproj", "{14B7E21C-72F2-481C-91FC-F4E1E73DF671}"
EndProject
Project("{2150E333-8FDC-42A3-9474-1A3956D46DE8}") = "section 5 lecture 48", "section 5 lecture 48", "{683F1D5A-40BD-46F3-B22D-02D64602A3F8}"
EndProject
Project("{FAE04EC0-301F-11D3-BF4B-00C04F79EFBC}") = "5_48_1", "5_48_1\5_48_1.csproj", "{42A67E6D-20F6-4646-99FF-940545A7EAE1}"
EndProject
Project("{FAE04EC0-301F-11D3-BF4B-00C04F79EFBC}") = "5_48_2", "5_48_2\5_48_2.csproj", "{31C0B24B-C0FA-40B1-BCFB-45935F8C69BD}"
EndProject
Project("{FAE04EC0-301F-11D3-BF4B-00C04F79EFBC}") = "5_48_3", "5_48_3\5_48_3.csproj", "{FAC36901-8F47-45DB-BDA1-FEA29F89D3C0}"
EndProject
Project("{FAE04EC0-301F-11D3-BF4B-00C04F79EFBC}") = "5_48_4", "5_48_4\5_48_4.csproj", "{12034FDF-03C3-45C8-A2FF-F3EB4387E5EA}"
EndProject
Project("{FAE04EC0-301F-11D3-BF4B-00C04F79EFBC}") = "5_48_5", "5_48_5\5_48_5.csproj", "{8A45DE7F-0ECB-4F90-9949-31A2C800B341}"
EndProject
Project("{2150E333-8FDC-42A3-9474-1A3956D46DE8}") = "section 6", "section 6", "{CF8ACCBC-5FFC-405D-A41D-BF269282D878}"
EndProject
Project("{FAE04EC0-301F-11D3-BF4B-00C04F79EFBC}") = "6_1", "6_1\6_1.csproj", "{75654027-995C-4AA8-902D-F8EF09E391E8}"
EndProject
Project("{FAE04EC0-301F-11D3-BF4B-00C04F79EFBC}") = "6_2", "6_2\6_2.csproj", "{C8FB0F67-4192-43DA-B91C-1F0C33533EAE}"
EndProject
Project("{FAE04EC0-301F-11D3-BF4B-00C04F79EFBC}") = "6_3", "6_3\6_3.csproj", "{E549AF44-985E-4CEB-B94B-4DD40141FF72}"
EndProject
Project("{FAE04EC0-301F-11D3-BF4B-00C04F79EFBC}") = "6_4", "6_4\6_4.csproj", "{10D01A68-CBC4-4A7A-9C1D-9374448EF535}"
EndProject
Project("{FAE04EC0-301F-11D3-BF4B-00C04F79EFBC}") = "6_5", "6_5\6_5.csproj", "{245768D2-4300-4EBE-B2CD-7545B19D9B0D}"
EndProject
Project("{2150E333-8FDC-42A3-9474-1A3956D46DE8}") = "section 8", "section 8", "{CB019A0C-0B38-4264-8486-47A4BBA1EB86}"
EndProject
Project("{FAE04EC0-301F-11D3-BF4B-00C04F79EFBC}") = "8_1", "8_1\8_1.csproj", "{E2C6BCE7-665D-47D7-BDAE-A7BE075930D7}"
EndProject
Project("{FAE04EC0-301F-11D3-BF4B-00C04F79EFBC}") = "8_2", "8_2\8_2.csproj", "{5309DD48-8C1A-4210-BACD-0D31961D6352}"
EndProject
Project("{FAE04EC0-301F-11D3-BF4B-00C04F79EFBC}") = "8_3", "8_3\8_3.csproj", "{3A2F79C3-BBD9-407E-B2B2-B9F98DD12AB5}"
EndProject
Project("{FAE04EC0-301F-11D3-BF4B-00C04F79EFBC}") = "8_4", "8_4\8_4.csproj", "{66BBDB6B-342D-4378-9682-C212C4879C4C}"
EndProject
Project("{FAE04EC0-301F-11D3-BF4B-00C04F79EFBC}") = "8_5", "8_5\8_5.csproj", "{8CF0F8F7-4FE9-4431-94BD-D50C9E2287A8}"
EndProject
Project("{2150E333-8FDC-42A3-9474-1A3956D46DE8}") = "section 9", "section 9", "{76B1F776-C135-4F19-A8F4-5EFDB38BF730}"
EndProject
Project("{FAE04EC0-301F-11D3-BF4B-00C04F79EFBC}") = "9_1", "9_1\9_1.csproj", "{BAB226E4-579A-4BE1-8DD5-D03993EECFDC}"
EndProject
Global
	GlobalSection(SolutionConfigurationPlatforms) = preSolution
		Debug|Any CPU = Debug|Any CPU
		Release|Any CPU = Release|Any CPU
	EndGlobalSection
	GlobalSection(ProjectConfigurationPlatforms) = postSolution
		{6DFF0A16-00E0-4929-A59E-A71DFC07D1C0}.Debug|Any CPU.ActiveCfg = Debug|Any CPU
		{6DFF0A16-00E0-4929-A59E-A71DFC07D1C0}.Debug|Any CPU.Build.0 = Debug|Any CPU
		{6DFF0A16-00E0-4929-A59E-A71DFC07D1C0}.Release|Any CPU.ActiveCfg = Release|Any CPU
		{6DFF0A16-00E0-4929-A59E-A71DFC07D1C0}.Release|Any CPU.Build.0 = Release|Any CPU
		{80987487-5D78-45DE-A9DB-F24457F47B74}.Debug|Any CPU.ActiveCfg = Debug|Any CPU
		{80987487-5D78-45DE-A9DB-F24457F47B74}.Debug|Any CPU.Build.0 = Debug|Any CPU
		{80987487-5D78-45DE-A9DB-F24457F47B74}.Release|Any CPU.ActiveCfg = Release|Any CPU
		{80987487-5D78-45DE-A9DB-F24457F47B74}.Release|Any CPU.Build.0 = Release|Any CPU
		{C0C10EBE-7AD4-419B-9753-713982542399}.Debug|Any CPU.ActiveCfg = Debug|Any CPU
		{C0C10EBE-7AD4-419B-9753-713982542399}.Debug|Any CPU.Build.0 = Debug|Any CPU
		{C0C10EBE-7AD4-419B-9753-713982542399}.Release|Any CPU.ActiveCfg = Release|Any CPU
		{C0C10EBE-7AD4-419B-9753-713982542399}.Release|Any CPU.Build.0 = Release|Any CPU
		{14B7E21C-72F2-481C-91FC-F4E1E73DF671}.Debug|Any CPU.ActiveCfg = Debug|Any CPU
		{14B7E21C-72F2-481C-91FC-F4E1E73DF671}.Debug|Any CPU.Build.0 = Debug|Any CPU
		{14B7E21C-72F2-481C-91FC-F4E1E73DF671}.Release|Any CPU.ActiveCfg = Release|Any CPU
		{14B7E21C-72F2-481C-91FC-F4E1E73DF671}.Release|Any CPU.Build.0 = Release|Any CPU
		{42A67E6D-20F6-4646-99FF-940545A7EAE1}.Debug|Any CPU.ActiveCfg = Debug|Any CPU
		{42A67E6D-20F6-4646-99FF-940545A7EAE1}.Debug|Any CPU.Build.0 = Debug|Any CPU
		{42A67E6D-20F6-4646-99FF-940545A7EAE1}.Release|Any CPU.ActiveCfg = Release|Any CPU
		{42A67E6D-20F6-4646-99FF-940545A7EAE1}.Release|Any CPU.Build.0 = Release|Any CPU
		{31C0B24B-C0FA-40B1-BCFB-45935F8C69BD}.Debug|Any CPU.ActiveCfg = Debug|Any CPU
		{31C0B24B-C0FA-40B1-BCFB-45935F8C69BD}.Debug|Any CPU.Build.0 = Debug|Any CPU
		{31C0B24B-C0FA-40B1-BCFB-45935F8C69BD}.Release|Any CPU.ActiveCfg = Release|Any CPU
		{31C0B24B-C0FA-40B1-BCFB-45935F8C69BD}.Release|Any CPU.Build.0 = Release|Any CPU
		{FAC36901-8F47-45DB-BDA1-FEA29F89D3C0}.Debug|Any CPU.ActiveCfg = Debug|Any CPU
		{FAC36901-8F47-45DB-BDA1-FEA29F89D3C0}.Debug|Any CPU.Build.0 = Debug|Any CPU
		{FAC36901-8F47-45DB-BDA1-FEA29F89D3C0}.Release|Any CPU.ActiveCfg = Release|Any CPU
		{FAC36901-8F47-45DB-BDA1-FEA29F89D3C0}.Release|Any CPU.Build.0 = Release|Any CPU
		{12034FDF-03C3-45C8-A2FF-F3EB4387E5EA}.Debug|Any CPU.ActiveCfg = Debug|Any CPU
		{12034FDF-03C3-45C8-A2FF-F3EB4387E5EA}.Debug|Any CPU.Build.0 = Debug|Any CPU
		{12034FDF-03C3-45C8-A2FF-F3EB4387E5EA}.Release|Any CPU.ActiveCfg = Release|Any CPU
		{12034FDF-03C3-45C8-A2FF-F3EB4387E5EA}.Release|Any CPU.Build.0 = Release|Any CPU
		{8A45DE7F-0ECB-4F90-9949-31A2C800B341}.Debug|Any CPU.ActiveCfg = Debug|Any CPU
		{8A45DE7F-0ECB-4F90-9949-31A2C800B341}.Debug|Any CPU.Build.0 = Debug|Any CPU
		{8A45DE7F-0ECB-4F90-9949-31A2C800B341}.Release|Any CPU.ActiveCfg = Release|Any CPU
		{8A45DE7F-0ECB-4F90-9949-31A2C800B341}.Release|Any CPU.Build.0 = Release|Any CPU
		{75654027-995C-4AA8-902D-F8EF09E391E8}.Debug|Any CPU.ActiveCfg = Debug|Any CPU
		{75654027-995C-4AA8-902D-F8EF09E391E8}.Debug|Any CPU.Build.0 = Debug|Any CPU
		{75654027-995C-4AA8-902D-F8EF09E391E8}.Release|Any CPU.ActiveCfg = Release|Any CPU
		{75654027-995C-4AA8-902D-F8EF09E391E8}.Release|Any CPU.Build.0 = Release|Any CPU
		{C8FB0F67-4192-43DA-B91C-1F0C33533EAE}.Debug|Any CPU.ActiveCfg = Debug|Any CPU
		{C8FB0F67-4192-43DA-B91C-1F0C33533EAE}.Debug|Any CPU.Build.0 = Debug|Any CPU
		{C8FB0F67-4192-43DA-B91C-1F0C33533EAE}.Release|Any CPU.ActiveCfg = Release|Any CPU
		{C8FB0F67-4192-43DA-B91C-1F0C33533EAE}.Release|Any CPU.Build.0 = Release|Any CPU
		{E549AF44-985E-4CEB-B94B-4DD40141FF72}.Debug|Any CPU.ActiveCfg = Debug|Any CPU
		{E549AF44-985E-4CEB-B94B-4DD40141FF72}.Debug|Any CPU.Build.0 = Debug|Any CPU
		{E549AF44-985E-4CEB-B94B-4DD40141FF72}.Release|Any CPU.ActiveCfg = Release|Any CPU
		{E549AF44-985E-4CEB-B94B-4DD40141FF72}.Release|Any CPU.Build.0 = Release|Any CPU
		{10D01A68-CBC4-4A7A-9C1D-9374448EF535}.Debug|Any CPU.ActiveCfg = Debug|Any CPU
		{10D01A68-CBC4-4A7A-9C1D-9374448EF535}.Debug|Any CPU.Build.0 = Debug|Any CPU
		{10D01A68-CBC4-4A7A-9C1D-9374448EF535}.Release|Any CPU.ActiveCfg = Release|Any CPU
		{10D01A68-CBC4-4A7A-9C1D-9374448EF535}.Release|Any CPU.Build.0 = Release|Any CPU
		{245768D2-4300-4EBE-B2CD-7545B19D9B0D}.Debug|Any CPU.ActiveCfg = Debug|Any CPU
		{245768D2-4300-4EBE-B2CD-7545B19D9B0D}.Debug|Any CPU.Build.0 = Debug|Any CPU
		{245768D2-4300-4EBE-B2CD-7545B19D9B0D}.Release|Any CPU.ActiveCfg = Release|Any CPU
		{245768D2-4300-4EBE-B2CD-7545B19D9B0D}.Release|Any CPU.Build.0 = Release|Any CPU
		{E2C6BCE7-665D-47D7-BDAE-A7BE075930D7}.Debug|Any CPU.ActiveCfg = Debug|Any CPU
		{E2C6BCE7-665D-47D7-BDAE-A7BE075930D7}.Debug|Any CPU.Build.0 = Debug|Any CPU
		{E2C6BCE7-665D-47D7-BDAE-A7BE075930D7}.Release|Any CPU.ActiveCfg = Release|Any CPU
		{E2C6BCE7-665D-47D7-BDAE-A7BE075930D7}.Release|Any CPU.Build.0 = Release|Any CPU
		{5309DD48-8C1A-4210-BACD-0D31961D6352}.Debug|Any CPU.ActiveCfg = Debug|Any CPU
		{5309DD48-8C1A-4210-BACD-0D31961D6352}.Debug|Any CPU.Build.0 = Debug|Any CPU
		{5309DD48-8C1A-4210-BACD-0D31961D6352}.Release|Any CPU.ActiveCfg = Release|Any CPU
		{5309DD48-8C1A-4210-BACD-0D31961D6352}.Release|Any CPU.Build.0 = Release|Any CPU
		{3A2F79C3-BBD9-407E-B2B2-B9F98DD12AB5}.Debug|Any CPU.ActiveCfg = Debug|Any CPU
		{3A2F79C3-BBD9-407E-B2B2-B9F98DD12AB5}.Debug|Any CPU.Build.0 = Debug|Any CPU
		{3A2F79C3-BBD9-407E-B2B2-B9F98DD12AB5}.Release|Any CPU.ActiveCfg = Release|Any CPU
		{3A2F79C3-BBD9-407E-B2B2-B9F98DD12AB5}.Release|Any CPU.Build.0 = Release|Any CPU
		{66BBDB6B-342D-4378-9682-C212C4879C4C}.Debug|Any CPU.ActiveCfg = Debug|Any CPU
		{66BBDB6B-342D-4378-9682-C212C4879C4C}.Debug|Any CPU.Build.0 = Debug|Any CPU
		{66BBDB6B-342D-4378-9682-C212C4879C4C}.Release|Any CPU.ActiveCfg = Release|Any CPU
		{66BBDB6B-342D-4378-9682-C212C4879C4C}.Release|Any CPU.Build.0 = Release|Any CPU
		{8CF0F8F7-4FE9-4431-94BD-D50C9E2287A8}.Debug|Any CPU.ActiveCfg = Debug|Any CPU
		{8CF0F8F7-4FE9-4431-94BD-D50C9E2287A8}.Debug|Any CPU.Build.0 = Debug|Any CPU
		{8CF0F8F7-4FE9-4431-94BD-D50C9E2287A8}.Release|Any CPU.ActiveCfg = Release|Any CPU
		{8CF0F8F7-4FE9-4431-94BD-D50C9E2287A8}.Release|Any CPU.Build.0 = Release|Any CPU
		{BAB226E4-579A-4BE1-8DD5-D03993EECFDC}.Debug|Any CPU.ActiveCfg = Debug|Any CPU
		{BAB226E4-579A-4BE1-8DD5-D03993EECFDC}.Debug|Any CPU.Build.0 = Debug|Any CPU
		{BAB226E4-579A-4BE1-8DD5-D03993EECFDC}.Release|Any CPU.ActiveCfg = Release|Any CPU
		{BAB226E4-579A-4BE1-8DD5-D03993EECFDC}.Release|Any CPU.Build.0 = Release|Any CPU
	EndGlobalSection
	GlobalSection(SolutionProperties) = preSolution
		HideSolutionNode = FALSE
	EndGlobalSection
	GlobalSection(NestedProjects) = preSolution
		{6DFF0A16-00E0-4929-A59E-A71DFC07D1C0} = {81381D59-910A-48B3-ABFD-79F6CB0E929A}
		{80987487-5D78-45DE-A9DB-F24457F47B74} = {81381D59-910A-48B3-ABFD-79F6CB0E929A}
		{C0C10EBE-7AD4-419B-9753-713982542399} = {81381D59-910A-48B3-ABFD-79F6CB0E929A}
		{14B7E21C-72F2-481C-91FC-F4E1E73DF671} = {81381D59-910A-48B3-ABFD-79F6CB0E929A}
		{42A67E6D-20F6-4646-99FF-940545A7EAE1} = {683F1D5A-40BD-46F3-B22D-02D64602A3F8}
		{31C0B24B-C0FA-40B1-BCFB-45935F8C69BD} = {683F1D5A-40BD-46F3-B22D-02D64602A3F8}
		{FAC36901-8F47-45DB-BDA1-FEA29F89D3C0} = {683F1D5A-40BD-46F3-B22D-02D64602A3F8}
		{12034FDF-03C3-45C8-A2FF-F3EB4387E5EA} = {683F1D5A-40BD-46F3-B22D-02D64602A3F8}
		{8A45DE7F-0ECB-4F90-9949-31A2C800B341} = {683F1D5A-40BD-46F3-B22D-02D64602A3F8}
		{75654027-995C-4AA8-902D-F8EF09E391E8} = {CF8ACCBC-5FFC-405D-A41D-BF269282D878}
		{C8FB0F67-4192-43DA-B91C-1F0C33533EAE} = {CF8ACCBC-5FFC-405D-A41D-BF269282D878}
		{E549AF44-985E-4CEB-B94B-4DD40141FF72} = {CF8ACCBC-5FFC-405D-A41D-BF269282D878}
		{10D01A68-CBC4-4A7A-9C1D-9374448EF535} = {CF8ACCBC-5FFC-405D-A41D-BF269282D878}
		{245768D2-4300-4EBE-B2CD-7545B19D9B0D} = {CF8ACCBC-5FFC-405D-A41D-BF269282D878}
		{E2C6BCE7-665D-47D7-BDAE-A7BE075930D7} = {CB019A0C-0B38-4264-8486-47A4BBA1EB86}
		{5309DD48-8C1A-4210-BACD-0D31961D6352} = {CB019A0C-0B38-4264-8486-47A4BBA1EB86}
		{3A2F79C3-BBD9-407E-B2B2-B9F98DD12AB5} = {CB019A0C-0B38-4264-8486-47A4BBA1EB86}
		{66BBDB6B-342D-4378-9682-C212C4879C4C} = {CB019A0C-0B38-4264-8486-47A4BBA1EB86}
		{8CF0F8F7-4FE9-4431-94BD-D50C9E2287A8} = {CB019A0C-0B38-4264-8486-47A4BBA1EB86}
		{BAB226E4-579A-4BE1-8DD5-D03993EECFDC} = {76B1F776-C135-4F19-A8F4-5EFDB38BF730}
	EndGlobalSection
	GlobalSection(ExtensibilityGlobals) = postSolution
		SolutionGuid = {35209678-2364-4158-8178-0F0485FC3413}
	EndGlobalSection
EndGlobal
